
Microsoft Visual Studio Solution File, Format Version 12.00
# Visual Studio 14
VisualStudioVersion = 14.0.23107.0
MinimumVisualStudioVersion = 10.0.40219.1
Project("{2150E333-8FDC-42A3-9474-1A3956D46DE8}") = "AZ", "AZ", "{4AF4DE6B-C05D-4213-8080-6C5BF57EBA74}"
EndProject
Project("{FAE04EC0-301F-11D3-BF4B-00C04F79EFBC}") = "SoftLine.AZ.UnloadedProduct(service)", "AZ\SoftLine.AZ.UnloadedProduct(service)\SoftLine.AZ.UnloadedProduct(service)\SoftLine.AZ.UnloadedProduct(service).csproj", "{3B6E564D-2199-41A6-A32B-6D98ED1B898D}"
EndProject
Project("{2150E333-8FDC-42A3-9474-1A3956D46DE8}") = "UA", "UA", "{9305E8D9-3BE6-498B-8B22-E5CCDC97101A}"
EndProject
Project("{2150E333-8FDC-42A3-9474-1A3956D46DE8}") = "UZ", "UZ", "{EF6B0F99-27A3-4216-AEFF-EBB220C90B89}"
EndProject
Project("{2150E333-8FDC-42A3-9474-1A3956D46DE8}") = "Testing Project", "Testing Project", "{3C3B37D7-9D1C-45C8-ACB8-1964DCCA666C}"
EndProject
Project("{FAE04EC0-301F-11D3-BF4B-00C04F79EFBC}") = "SoftLine.UA.NumeratorForSalesOrder", "UA\SoftLine.UA.NumeratorForSalesOrder\SoftLine.UA.NumeratorForSalesOrder\SoftLine.UA.NumeratorForSalesOrder.csproj", "{C62A7D00-AA5B-4AB8-9CC8-9A2167CE7B37}"
EndProject
Project("{FAE04EC0-301F-11D3-BF4B-00C04F79EFBC}") = "SoftLine.UA.ProductFromAnnotation", "UA\SoftLine.UA.ProductFromAnnotation\SoftLine.UA.ProductFromAnnotation.csproj", "{4B51E884-5A1A-4E4E-BC9E-60852F55C249}"
EndProject
Project("{FAE04EC0-301F-11D3-BF4B-00C04F79EFBC}") = "SoftLine.UZ.NumeratorDogovor", "UZ\SoftLine.UZ.NumeratorDogovor\SoftLine.UZ.NumeratorDogovor\SoftLine.UZ.NumeratorDogovor.csproj", "{2F71FE2B-4D68-4F47-BD36-17E226C3A0F2}"
EndProject
Project("{FAE04EC0-301F-11D3-BF4B-00C04F79EFBC}") = "SoftLine.UZ.NumeratorKP", "UZ\SoftLine.UZ.NumeratorKP\SoftLine.UZ.NumeratorKP\SoftLine.UZ.NumeratorKP.csproj", "{DACCDA3C-EB86-4258-BDB5-2947B309E640}"
EndProject
Project("{FAE04EC0-301F-11D3-BF4B-00C04F79EFBC}") = "SoftLine.UZ.SetStatusFromOplata", "UZ\SoftLine.UZ.SetStatusFromOplata\SoftLine.UZ.SetStatusFromOplata\SoftLine.UZ.SetStatusFromOplata.csproj", "{413CFCA1-8908-46AD-B4FA-9BFD3690C6A8}"
EndProject
Project("{2150E333-8FDC-42A3-9474-1A3956D46DE8}") = ".nuget", ".nuget", "{E000A4F6-A519-489E-96AA-307FEDC7017E}"
	ProjectSection(SolutionItems) = preProject
		.nuget\NuGet.exe = .nuget\NuGet.exe
		.nuget\NuGet.targets = .nuget\NuGet.targets
		.nuget\packages.config = .nuget\packages.config
	EndProjectSection
EndProject
Project("{FAE04EC0-301F-11D3-BF4B-00C04F79EFBC}") = "ConsoleForTestPlugin", "Testing Project\ConsoleForTestPlugin\ConsoleForTestPlugin.csproj", "{AF69C602-A1F3-4A52-849B-08935C575940}"
	ProjectSection(ProjectDependencies) = postProject
		{679F50AC-C0B1-4835-8638-58F5AE11875B} = {679F50AC-C0B1-4835-8638-58F5AE11875B}
	EndProjectSection
EndProject
Project("{FAE04EC0-301F-11D3-BF4B-00C04F79EFBC}") = "SoftLine.UZ.CurrencyUpdate(service)", "UZ\SoftLine.UZ.CurrencyUpdate(service)\SoftLine.UZ.CurrencyUpdate(service).csproj", "{7A5414D8-10A5-44F4-AB12-7AF52111CEED}"
EndProject
Project("{FAE04EC0-301F-11D3-BF4B-00C04F79EFBC}") = "SoftLine.UZ.UploadPriceList", "UZ\SoftLine.UZ.UploadPriceList\SoftLine.UZ.UploadPriceList.csproj", "{86F50368-5267-4CD2-8D00-1ABA41831473}"
EndProject
Project("{2150E333-8FDC-42A3-9474-1A3956D46DE8}") = "JavaScript", "JavaScript", "{5B8C310D-FB28-47BC-8402-394FB98D414F}"
EndProject
Project("{2150E333-8FDC-42A3-9474-1A3956D46DE8}") = "UZ", "UZ", "{0E74123C-3FD3-4B19-97CD-9CB70AFEB4C8}"
	ProjectSection(SolutionItems) = preProject
		commercialofferdetail.js = commercialofferdetail.js
		References\jquery.js = References\jquery.js
		References\json2.js = References\json2.js
		kompred.js = kompred.js
		new_OplataLibrary.js = new_OplataLibrary.js
		OpportunityLibrary.js = OpportunityLibrary.js
		QuoteDetailLibrary.js = QuoteDetailLibrary.js
		SalesOrder.js = SalesOrder.js
		schet.js = schet.js
		XrmPage-vsdoc.js = XrmPage-vsdoc.js
		References\XrmServiceToolkit.js = References\XrmServiceToolkit.js
		References\XrmServiceToolkit.min.js = References\XrmServiceToolkit.min.js
	EndProjectSection
EndProject
Project("{FAE04EC0-301F-11D3-BF4B-00C04F79EFBC}") = "SoftLine.UZ.GetPriceFormProductToDetailEntity", "UZ\SoftLine.UZ.GetPriceFormProductToDetailEntity\SoftLine.UZ.GetPriceFormProductToDetailEntity.csproj", "{1EAC6A03-72C1-4DFE-847B-763AD5855E91}"
EndProject
Project("{2150E333-8FDC-42A3-9474-1A3956D46DE8}") = "References", "References", "{F093E9A5-1E67-406B-B533-6CFB86B61F14}"
	ProjectSection(SolutionItems) = preProject
		References\jquery.js = References\jquery.js
		References\json2.js = References\json2.js
		SDK.REST.js = SDK.REST.js
		XrmPage-vsdoc.js = XrmPage-vsdoc.js
		References\XrmServiceToolkit.js = References\XrmServiceToolkit.js
		References\XrmServiceToolkit.min.js = References\XrmServiceToolkit.min.js
	EndProjectSection
EndProject
Project("{2150E333-8FDC-42A3-9474-1A3956D46DE8}") = "UA", "UA", "{0C056ABD-9680-4DAF-9002-5BB33D6E5813}"
	ProjectSection(SolutionItems) = preProject
		AccountMainLibrary.js = AccountMainLibrary.js
		ButtonSalesOrder.js = ButtonSalesOrder.js
		Coordinationcontract.js = Coordinationcontract.js
		InvoiceDetailMainLibrary.js = InvoiceDetailMainLibrary.js
		InvoiceLibrary.js = InvoiceLibrary.js
		References\jquery.js = References\jquery.js
		References\json2.js = References\json2.js
		livevalidation_standalone.js = livevalidation_standalone.js
		new_productadditionalagreementMainLibrary.js = new_productadditionalagreementMainLibrary.js
		opportunityMainForm.js = opportunityMainForm.js
		PaymentLibrary.js = PaymentLibrary.js
		PaymentproviderMainLibrary.js = PaymentproviderMainLibrary.js
		QuoteDetaileMainLibrary.js = QuoteDetaileMainLibrary.js
		QuoteMainForm.js = QuoteMainForm.js
		SalesOrderDetailMainLibrary.js = SalesOrderDetailMainLibrary.js
		SalesOrderLibrary.js = SalesOrderLibrary.js
		SDK.REST.js = SDK.REST.js
		SupplementaryAgreementLibrary.js = SupplementaryAgreementLibrary.js
		Validator.js = Validator.js
		XrmPage-vsdoc.js = XrmPage-vsdoc.js
		References\XrmServiceToolkit.js = References\XrmServiceToolkit.js
		References\XrmServiceToolkit.min.js = References\XrmServiceToolkit.min.js
	EndProjectSection
EndProject
Project("{FAE04EC0-301F-11D3-BF4B-00C04F79EFBC}") = "SoftLine.UA.NumeratorForInvoice", "UA\SoftLine.UA.NumeratorForInvoice\SoftLine.UA.NumeratorForInvoice.csproj", "{CB732B0E-BF69-488B-86BF-B1D3A2EB0D38}"
EndProject
Project("{FAE04EC0-301F-11D3-BF4B-00C04F79EFBC}") = "SoftLine.UA.CreateOpportunityFromInvoise", "UA\SoftLine.UA.CreateOpportunityFromInvoise\SoftLine.UA.CreateOpportunityFromInvoise.csproj", "{010DBB19-5A8B-461C-8CE7-1BE05A9EBAFA}"
EndProject
Project("{F14B399A-7131-4C87-9E4B-1186C45EF12D}") = "SoftLine.UZ.Reports", "UZ\Reports\SoftLine.UZ.Reports\SoftLine.UZ.Reports.rptproj", "{EDC31810-5812-478A-BEC7-0615DF5813A4}"
EndProject
Project("{F14B399A-7131-4C87-9E4B-1186C45EF12D}") = "SoftLine.UA.Reports", "UA\SoftLine.UA.Reports\SoftLine.UA.Reports.rptproj", "{CF9749DD-78F8-4C30-AC26-2A371C2FDF83}"
EndProject
Project("{FAE04EC0-301F-11D3-BF4B-00C04F79EFBC}") = "SoftLine.UA.setAmountToInvoice", "UA\SoftLine.UA.setAmountToInvoice\SoftLine.UA.setAmountToInvoice.csproj", "{C5CF8496-4591-418C-887E-D0215B21720F}"
EndProject
Project("{2150E333-8FDC-42A3-9474-1A3956D46DE8}") = "AZ", "AZ", "{E7BEF1E0-1191-4718-AFC8-1B3BD4376D13}"
	ProjectSection(SolutionItems) = preProject
		AZ.new_OplataLibrary.js = AZ.new_OplataLibrary.js
		AZ.schet.js = AZ.schet.js
		References\jquery.js = References\jquery.js
		References\json2.js = References\json2.js
		XrmPage-vsdoc.js = XrmPage-vsdoc.js
		References\XrmServiceToolkit.js = References\XrmServiceToolkit.js
		References\XrmServiceToolkit.min.js = References\XrmServiceToolkit.min.js
	EndProjectSection
EndProject
Project("{FAE04EC0-301F-11D3-BF4B-00C04F79EFBC}") = "SoftLine.UA.CurrencyService", "SoftLine.UA.CurrencyService\SoftLine.UA.CurrencyService.csproj", "{B067E96C-53EE-49F9-AD71-0FDACBF39D31}"
EndProject
Project("{FAE04EC0-301F-11D3-BF4B-00C04F79EFBC}") = "SoftLine.UA.CreateProductFromInvoiceToPayment", "UA\SoftLine.UA.CreateProductFromInvoiceToPayment\SoftLine.UA.CreateProductFromInvoiceToPayment.csproj", "{9A4718A4-227E-4D5F-BDEC-D9345545F201}"
EndProject
Project("{FAE04EC0-301F-11D3-BF4B-00C04F79EFBC}") = "SoftLine.UA.NumeratorForSupplementary", "UA\SoftLine.UA.NumeratorForSupplementary\SoftLine.UA.NumeratorForSupplementary.csproj", "{756F71FE-8E1A-4127-85D9-7F46A0D1B119}"
EndProject
Project("{FAE04EC0-301F-11D3-BF4B-00C04F79EFBC}") = "SoftLine.UZ.ProductFromAnnotation", "UZ\SoftLine.UZ.ProductFromAnnotation\SoftLine.UZ.ProductFromAnnotation.csproj", "{265EA1F1-89AA-4D56-A03D-C040511B436A}"
EndProject
Project("{FAE04EC0-301F-11D3-BF4B-00C04F79EFBC}") = "SoftLine.UA.Notification", "UA\SoftLine.UA.Notification\SoftLine.UA.Notification.csproj", "{0716CFB5-87F2-49DE-8C9D-8867B6824EBF}"
EndProject
Project("{FAE04EC0-301F-11D3-BF4B-00C04F79EFBC}") = "SoftLine.UA.NotificationfromAnnotation", "UA\SoftLine.UA.NotificationfromAnnotation\SoftLine.UA.NotificationfromAnnotation.csproj", "{82183C1E-AE6D-4F75-AC16-CEF571C6B4C7}"
EndProject
Project("{FAE04EC0-301F-11D3-BF4B-00C04F79EFBC}") = "SoftLine.UA.SetAgreementValue", "UA\SoftLine.UA.SetAgreementValue\SoftLine.UA.SetAgreementValue.csproj", "{58F00FCC-D341-4BDB-89E7-AD89D02EA422}"
EndProject
Project("{FAE04EC0-301F-11D3-BF4B-00C04F79EFBC}") = "SoftLine.UZ.CurrencyUpdate(Update)", "UZ\SoftLine.UZ.CurrencyUpdate(Update)\SoftLine.UZ.CurrencyUpdate(Update).csproj", "{8A0BE982-1FC0-42E0-BDA4-EDF4B40FC862}"
EndProject
Project("{2150E333-8FDC-42A3-9474-1A3956D46DE8}") = "Html", "Html", "{B63CE19D-423C-4B64-8CBC-7364D9085B80}"
EndProject
Project("{2150E333-8FDC-42A3-9474-1A3956D46DE8}") = "CSS", "CSS", "{3D997252-86E4-47A2-8CF9-9D5BFBEF683D}"
	ProjectSection(SolutionItems) = preProject
		..\TFS\crm-sales\trunk\CRM50\WebResources\CSS\kendo.metro.min.css = ..\TFS\crm-sales\trunk\CRM50\WebResources\CSS\kendo.metro.min.css
	EndProjectSection
EndProject
Project("{2150E333-8FDC-42A3-9474-1A3956D46DE8}") = "YMap", "YMap", "{2783B911-6BA8-42DD-B3CE-F41F6DC2CC32}"
	ProjectSection(SolutionItems) = preProject
		new_yMap.html = new_yMap.html
		yMapTest.js = yMapTest.js
	EndProjectSection
EndProject
Project("{2150E333-8FDC-42A3-9474-1A3956D46DE8}") = "KendoGrid", "KendoGrid", "{D7DC3603-6215-4E33-A6D6-78A4A94DBA35}"
	ProjectSection(SolutionItems) = preProject
		TestLoadPrice.html = TestLoadPrice.html
	EndProjectSection
EndProject
Project("{FAE04EC0-301F-11D3-BF4B-00C04F79EFBC}") = "testWCF", "Testing Project\testWCF\testWCF.csproj", "{679F50AC-C0B1-4835-8638-58F5AE11875B}"
EndProject
Project("{FAE04EC0-301F-11D3-BF4B-00C04F79EFBC}") = "CRM_Experiments", "AZ\currency updater\CRM_Experiments.csproj", "{91DFD3F5-A566-4351-AD48-3A4D2E604412}"
EndProject
Project("{2150E333-8FDC-42A3-9474-1A3956D46DE8}") = "InfoTera", "InfoTera", "{965CF71F-2B54-4611-8B93-DEECC2732037}"
	ProjectSection(SolutionItems) = preProject
		InfoTera_AccountMainLibrary.js = InfoTera_AccountMainLibrary.js
		InfoTera_AprovePriceMainLibrary.js = InfoTera_AprovePriceMainLibrary.js
		InfoTera_ElevatorMainLibrary.js = InfoTera_ElevatorMainLibrary.js
		InfoTera_PhoneCallMainLibrary.js = InfoTera_PhoneCallMainLibrary.js
		InfoTera_PurchaseContractrMainLibrary.js = InfoTera_PurchaseContractrMainLibrary.js
		InfoTera_PurchaseCropMainLibrary.js = InfoTera_PurchaseCropMainLibrary.js
		InfoTera_PurchaseDealMainLibrary.js = InfoTera_PurchaseDealMainLibrary.js
		InfoTera_PurchaseOrderMainLibrary.js = InfoTera_PurchaseOrderMainLibrary.js
		InfoTera_WarehouseMainLibrary.js = InfoTera_WarehouseMainLibrary.js
		References\jquery.js = References\jquery.js
		References\json2.js = References\json2.js
		SDK.REST.js = SDK.REST.js
		XrmPage-vsdoc.js = XrmPage-vsdoc.js
		References\XrmServiceToolkit.js = References\XrmServiceToolkit.js
		References\XrmServiceToolkit.min.js = References\XrmServiceToolkit.min.js
	EndProjectSection
EndProject
Project("{2150E333-8FDC-42A3-9474-1A3956D46DE8}") = "InfoTera", "InfoTera", "{D0FD6BF1-6086-4A1C-9362-B6E4A55A32B0}"
EndProject
Project("{FAE04EC0-301F-11D3-BF4B-00C04F79EFBC}") = "SoftLine.InfoTera.MonitoringPrice", "InfoTera\SoftLine.InfoTera.MonitoringPrice\SoftLine.InfoTera.MonitoringPrice.csproj", "{A3EDA182-A34B-42A1-A74D-7637EF6409AD}"
EndProject
Project("{FAE04EC0-301F-11D3-BF4B-00C04F79EFBC}") = "SoftLine.InfoTera.MonitoringPrice(Plugin)", "InfoTera\SoftLine.InfoTera.MonitoringPrice(Plugin)\SoftLine.InfoTera.MonitoringPrice(Plugin).csproj", "{679B9320-5C48-45BA-A0D9-0975D862397E}"
EndProject
Project("{2150E333-8FDC-42A3-9474-1A3956D46DE8}") = "OpportunityForm", "OpportunityForm", "{252D4CEA-6C41-4753-AC8A-05EDABF14D81}"
	ProjectSection(SolutionItems) = preProject
		C:\Users\savchinvv\Desktop\new__\Form\FormForDialog.html = C:\Users\savchinvv\Desktop\new__\Form\FormForDialog.html
	EndProjectSection
EndProject
Project("{F14B399A-7131-4C87-9E4B-1186C45EF12D}") = "InfoTera.Reports", "InfoTera\InfoTera.Reports\InfoTera.Reports.rptproj", "{4B76A449-3CF9-4F7D-B208-D4352FB2F8A4}"
EndProject
Project("{FAE04EC0-301F-11D3-BF4B-00C04F79EFBC}") = "SoftLine.InfoTera.Numerator", "SoftLine.InfoTera.Numerator\SoftLine.InfoTera.Numerator.csproj", "{71B36594-7375-4596-A069-562B420FAD78}"
EndProject
Project("{FAE04EC0-301F-11D3-BF4B-00C04F79EFBC}") = "SoftLine.Infotera.FromOrderToPlaning", "InfoTera\SoftLine.Infotera.FromOrderToPlaning\SoftLine.Infotera.FromOrderToPlaning.csproj", "{2116099E-9D27-4372-BFE8-6226A30BF77E}"
EndProject
Project("{FAE04EC0-301F-11D3-BF4B-00C04F79EFBC}") = "SoftLine.Infotera.ChangeRecomendedPrice", "InfoTera\SoftLine.Infotera.ChangeRecomendedPrice\SoftLine.Infotera.ChangeRecomendedPrice.csproj", "{28BF5B50-C4A7-4B79-B4A5-51499DF62130}"
EndProject
Project("{FAE04EC0-301F-11D3-BF4B-00C04F79EFBC}") = "SoftLine.InfoTera.CreateDealFromCrop", "InfoTera\SoftLine.InfoTera.CreateDealFromCrop\SoftLine.InfoTera.CreateDealFromCrop.csproj", "{795B6937-C464-4D7D-9F14-8D78890D30A2}"
EndProject
Global
	GlobalSection(SolutionConfigurationPlatforms) = preSolution
		Debug|Any CPU = Debug|Any CPU
		Debug|Mixed Platforms = Debug|Mixed Platforms
		Debug|x86 = Debug|x86
		DebugLocal|Any CPU = DebugLocal|Any CPU
		DebugLocal|Mixed Platforms = DebugLocal|Mixed Platforms
		DebugLocal|x86 = DebugLocal|x86
		Release|Any CPU = Release|Any CPU
		Release|Mixed Platforms = Release|Mixed Platforms
		Release|x86 = Release|x86
	EndGlobalSection
	GlobalSection(ProjectConfigurationPlatforms) = postSolution
		{3B6E564D-2199-41A6-A32B-6D98ED1B898D}.Debug|Any CPU.ActiveCfg = Debug|Any CPU
		{3B6E564D-2199-41A6-A32B-6D98ED1B898D}.Debug|Any CPU.Build.0 = Debug|Any CPU
		{3B6E564D-2199-41A6-A32B-6D98ED1B898D}.Debug|Mixed Platforms.ActiveCfg = Debug|Any CPU
		{3B6E564D-2199-41A6-A32B-6D98ED1B898D}.Debug|Mixed Platforms.Build.0 = Debug|Any CPU
		{3B6E564D-2199-41A6-A32B-6D98ED1B898D}.Debug|x86.ActiveCfg = Debug|Any CPU
		{3B6E564D-2199-41A6-A32B-6D98ED1B898D}.DebugLocal|Any CPU.ActiveCfg = Debug|Any CPU
		{3B6E564D-2199-41A6-A32B-6D98ED1B898D}.DebugLocal|Any CPU.Build.0 = Debug|Any CPU
		{3B6E564D-2199-41A6-A32B-6D98ED1B898D}.DebugLocal|Mixed Platforms.ActiveCfg = Debug|Any CPU
		{3B6E564D-2199-41A6-A32B-6D98ED1B898D}.DebugLocal|Mixed Platforms.Build.0 = Debug|Any CPU
		{3B6E564D-2199-41A6-A32B-6D98ED1B898D}.DebugLocal|x86.ActiveCfg = Debug|Any CPU
		{3B6E564D-2199-41A6-A32B-6D98ED1B898D}.Release|Any CPU.ActiveCfg = Release|Any CPU
		{3B6E564D-2199-41A6-A32B-6D98ED1B898D}.Release|Any CPU.Build.0 = Release|Any CPU
		{3B6E564D-2199-41A6-A32B-6D98ED1B898D}.Release|Mixed Platforms.ActiveCfg = Release|Any CPU
		{3B6E564D-2199-41A6-A32B-6D98ED1B898D}.Release|Mixed Platforms.Build.0 = Release|Any CPU
		{3B6E564D-2199-41A6-A32B-6D98ED1B898D}.Release|x86.ActiveCfg = Release|Any CPU
		{C62A7D00-AA5B-4AB8-9CC8-9A2167CE7B37}.Debug|Any CPU.ActiveCfg = Debug|Any CPU
		{C62A7D00-AA5B-4AB8-9CC8-9A2167CE7B37}.Debug|Any CPU.Build.0 = Debug|Any CPU
		{C62A7D00-AA5B-4AB8-9CC8-9A2167CE7B37}.Debug|Mixed Platforms.ActiveCfg = Debug|Any CPU
		{C62A7D00-AA5B-4AB8-9CC8-9A2167CE7B37}.Debug|Mixed Platforms.Build.0 = Debug|Any CPU
		{C62A7D00-AA5B-4AB8-9CC8-9A2167CE7B37}.Debug|x86.ActiveCfg = Debug|Any CPU
		{C62A7D00-AA5B-4AB8-9CC8-9A2167CE7B37}.DebugLocal|Any CPU.ActiveCfg = Debug|Any CPU
		{C62A7D00-AA5B-4AB8-9CC8-9A2167CE7B37}.DebugLocal|Any CPU.Build.0 = Debug|Any CPU
		{C62A7D00-AA5B-4AB8-9CC8-9A2167CE7B37}.DebugLocal|Mixed Platforms.ActiveCfg = Debug|Any CPU
		{C62A7D00-AA5B-4AB8-9CC8-9A2167CE7B37}.DebugLocal|Mixed Platforms.Build.0 = Debug|Any CPU
		{C62A7D00-AA5B-4AB8-9CC8-9A2167CE7B37}.DebugLocal|x86.ActiveCfg = Debug|Any CPU
		{C62A7D00-AA5B-4AB8-9CC8-9A2167CE7B37}.Release|Any CPU.ActiveCfg = Release|Any CPU
		{C62A7D00-AA5B-4AB8-9CC8-9A2167CE7B37}.Release|Any CPU.Build.0 = Release|Any CPU
		{C62A7D00-AA5B-4AB8-9CC8-9A2167CE7B37}.Release|Mixed Platforms.ActiveCfg = Release|Any CPU
		{C62A7D00-AA5B-4AB8-9CC8-9A2167CE7B37}.Release|Mixed Platforms.Build.0 = Release|Any CPU
		{C62A7D00-AA5B-4AB8-9CC8-9A2167CE7B37}.Release|x86.ActiveCfg = Release|Any CPU
		{4B51E884-5A1A-4E4E-BC9E-60852F55C249}.Debug|Any CPU.ActiveCfg = Debug|Any CPU
		{4B51E884-5A1A-4E4E-BC9E-60852F55C249}.Debug|Any CPU.Build.0 = Debug|Any CPU
		{4B51E884-5A1A-4E4E-BC9E-60852F55C249}.Debug|Mixed Platforms.ActiveCfg = Debug|Any CPU
		{4B51E884-5A1A-4E4E-BC9E-60852F55C249}.Debug|Mixed Platforms.Build.0 = Debug|Any CPU
		{4B51E884-5A1A-4E4E-BC9E-60852F55C249}.Debug|x86.ActiveCfg = Debug|Any CPU
		{4B51E884-5A1A-4E4E-BC9E-60852F55C249}.DebugLocal|Any CPU.ActiveCfg = Debug|Any CPU
		{4B51E884-5A1A-4E4E-BC9E-60852F55C249}.DebugLocal|Any CPU.Build.0 = Debug|Any CPU
		{4B51E884-5A1A-4E4E-BC9E-60852F55C249}.DebugLocal|Mixed Platforms.ActiveCfg = Debug|Any CPU
		{4B51E884-5A1A-4E4E-BC9E-60852F55C249}.DebugLocal|Mixed Platforms.Build.0 = Debug|Any CPU
		{4B51E884-5A1A-4E4E-BC9E-60852F55C249}.DebugLocal|x86.ActiveCfg = Debug|Any CPU
		{4B51E884-5A1A-4E4E-BC9E-60852F55C249}.Release|Any CPU.ActiveCfg = Release|Any CPU
		{4B51E884-5A1A-4E4E-BC9E-60852F55C249}.Release|Any CPU.Build.0 = Release|Any CPU
		{4B51E884-5A1A-4E4E-BC9E-60852F55C249}.Release|Mixed Platforms.ActiveCfg = Release|Any CPU
		{4B51E884-5A1A-4E4E-BC9E-60852F55C249}.Release|Mixed Platforms.Build.0 = Release|Any CPU
		{4B51E884-5A1A-4E4E-BC9E-60852F55C249}.Release|x86.ActiveCfg = Release|Any CPU
		{2F71FE2B-4D68-4F47-BD36-17E226C3A0F2}.Debug|Any CPU.ActiveCfg = Debug|Any CPU
		{2F71FE2B-4D68-4F47-BD36-17E226C3A0F2}.Debug|Any CPU.Build.0 = Debug|Any CPU
		{2F71FE2B-4D68-4F47-BD36-17E226C3A0F2}.Debug|Mixed Platforms.ActiveCfg = Debug|Any CPU
		{2F71FE2B-4D68-4F47-BD36-17E226C3A0F2}.Debug|Mixed Platforms.Build.0 = Debug|Any CPU
		{2F71FE2B-4D68-4F47-BD36-17E226C3A0F2}.Debug|x86.ActiveCfg = Debug|Any CPU
		{2F71FE2B-4D68-4F47-BD36-17E226C3A0F2}.DebugLocal|Any CPU.ActiveCfg = Debug|Any CPU
		{2F71FE2B-4D68-4F47-BD36-17E226C3A0F2}.DebugLocal|Any CPU.Build.0 = Debug|Any CPU
		{2F71FE2B-4D68-4F47-BD36-17E226C3A0F2}.DebugLocal|Mixed Platforms.ActiveCfg = Debug|Any CPU
		{2F71FE2B-4D68-4F47-BD36-17E226C3A0F2}.DebugLocal|Mixed Platforms.Build.0 = Debug|Any CPU
		{2F71FE2B-4D68-4F47-BD36-17E226C3A0F2}.DebugLocal|x86.ActiveCfg = Debug|Any CPU
		{2F71FE2B-4D68-4F47-BD36-17E226C3A0F2}.Release|Any CPU.ActiveCfg = Release|Any CPU
		{2F71FE2B-4D68-4F47-BD36-17E226C3A0F2}.Release|Any CPU.Build.0 = Release|Any CPU
		{2F71FE2B-4D68-4F47-BD36-17E226C3A0F2}.Release|Mixed Platforms.ActiveCfg = Release|Any CPU
		{2F71FE2B-4D68-4F47-BD36-17E226C3A0F2}.Release|Mixed Platforms.Build.0 = Release|Any CPU
		{2F71FE2B-4D68-4F47-BD36-17E226C3A0F2}.Release|x86.ActiveCfg = Release|Any CPU
		{DACCDA3C-EB86-4258-BDB5-2947B309E640}.Debug|Any CPU.ActiveCfg = Debug|Any CPU
		{DACCDA3C-EB86-4258-BDB5-2947B309E640}.Debug|Any CPU.Build.0 = Debug|Any CPU
		{DACCDA3C-EB86-4258-BDB5-2947B309E640}.Debug|Mixed Platforms.ActiveCfg = Debug|Any CPU
		{DACCDA3C-EB86-4258-BDB5-2947B309E640}.Debug|Mixed Platforms.Build.0 = Debug|Any CPU
		{DACCDA3C-EB86-4258-BDB5-2947B309E640}.Debug|x86.ActiveCfg = Debug|Any CPU
		{DACCDA3C-EB86-4258-BDB5-2947B309E640}.DebugLocal|Any CPU.ActiveCfg = Debug|Any CPU
		{DACCDA3C-EB86-4258-BDB5-2947B309E640}.DebugLocal|Any CPU.Build.0 = Debug|Any CPU
		{DACCDA3C-EB86-4258-BDB5-2947B309E640}.DebugLocal|Mixed Platforms.ActiveCfg = Debug|Any CPU
		{DACCDA3C-EB86-4258-BDB5-2947B309E640}.DebugLocal|Mixed Platforms.Build.0 = Debug|Any CPU
		{DACCDA3C-EB86-4258-BDB5-2947B309E640}.DebugLocal|x86.ActiveCfg = Debug|Any CPU
		{DACCDA3C-EB86-4258-BDB5-2947B309E640}.Release|Any CPU.ActiveCfg = Release|Any CPU
		{DACCDA3C-EB86-4258-BDB5-2947B309E640}.Release|Any CPU.Build.0 = Release|Any CPU
		{DACCDA3C-EB86-4258-BDB5-2947B309E640}.Release|Mixed Platforms.ActiveCfg = Release|Any CPU
		{DACCDA3C-EB86-4258-BDB5-2947B309E640}.Release|Mixed Platforms.Build.0 = Release|Any CPU
		{DACCDA3C-EB86-4258-BDB5-2947B309E640}.Release|x86.ActiveCfg = Release|Any CPU
		{413CFCA1-8908-46AD-B4FA-9BFD3690C6A8}.Debug|Any CPU.ActiveCfg = Debug|Any CPU
		{413CFCA1-8908-46AD-B4FA-9BFD3690C6A8}.Debug|Any CPU.Build.0 = Debug|Any CPU
		{413CFCA1-8908-46AD-B4FA-9BFD3690C6A8}.Debug|Mixed Platforms.ActiveCfg = Debug|Any CPU
		{413CFCA1-8908-46AD-B4FA-9BFD3690C6A8}.Debug|Mixed Platforms.Build.0 = Debug|Any CPU
		{413CFCA1-8908-46AD-B4FA-9BFD3690C6A8}.Debug|x86.ActiveCfg = Debug|Any CPU
		{413CFCA1-8908-46AD-B4FA-9BFD3690C6A8}.DebugLocal|Any CPU.ActiveCfg = Debug|Any CPU
		{413CFCA1-8908-46AD-B4FA-9BFD3690C6A8}.DebugLocal|Any CPU.Build.0 = Debug|Any CPU
		{413CFCA1-8908-46AD-B4FA-9BFD3690C6A8}.DebugLocal|Mixed Platforms.ActiveCfg = Debug|Any CPU
		{413CFCA1-8908-46AD-B4FA-9BFD3690C6A8}.DebugLocal|Mixed Platforms.Build.0 = Debug|Any CPU
		{413CFCA1-8908-46AD-B4FA-9BFD3690C6A8}.DebugLocal|x86.ActiveCfg = Debug|Any CPU
		{413CFCA1-8908-46AD-B4FA-9BFD3690C6A8}.Release|Any CPU.ActiveCfg = Release|Any CPU
		{413CFCA1-8908-46AD-B4FA-9BFD3690C6A8}.Release|Any CPU.Build.0 = Release|Any CPU
		{413CFCA1-8908-46AD-B4FA-9BFD3690C6A8}.Release|Mixed Platforms.ActiveCfg = Release|Any CPU
		{413CFCA1-8908-46AD-B4FA-9BFD3690C6A8}.Release|Mixed Platforms.Build.0 = Release|Any CPU
		{413CFCA1-8908-46AD-B4FA-9BFD3690C6A8}.Release|x86.ActiveCfg = Release|Any CPU
		{AF69C602-A1F3-4A52-849B-08935C575940}.Debug|Any CPU.ActiveCfg = Debug|Any CPU
		{AF69C602-A1F3-4A52-849B-08935C575940}.Debug|Any CPU.Build.0 = Debug|Any CPU
		{AF69C602-A1F3-4A52-849B-08935C575940}.Debug|Mixed Platforms.ActiveCfg = Debug|Any CPU
		{AF69C602-A1F3-4A52-849B-08935C575940}.Debug|Mixed Platforms.Build.0 = Debug|Any CPU
		{AF69C602-A1F3-4A52-849B-08935C575940}.Debug|x86.ActiveCfg = Debug|Any CPU
		{AF69C602-A1F3-4A52-849B-08935C575940}.DebugLocal|Any CPU.ActiveCfg = Debug|Any CPU
		{AF69C602-A1F3-4A52-849B-08935C575940}.DebugLocal|Any CPU.Build.0 = Debug|Any CPU
		{AF69C602-A1F3-4A52-849B-08935C575940}.DebugLocal|Mixed Platforms.ActiveCfg = Debug|Any CPU
		{AF69C602-A1F3-4A52-849B-08935C575940}.DebugLocal|Mixed Platforms.Build.0 = Debug|Any CPU
		{AF69C602-A1F3-4A52-849B-08935C575940}.DebugLocal|x86.ActiveCfg = Debug|Any CPU
		{AF69C602-A1F3-4A52-849B-08935C575940}.Release|Any CPU.ActiveCfg = Release|Any CPU
		{AF69C602-A1F3-4A52-849B-08935C575940}.Release|Any CPU.Build.0 = Release|Any CPU
		{AF69C602-A1F3-4A52-849B-08935C575940}.Release|Mixed Platforms.ActiveCfg = Release|Any CPU
		{AF69C602-A1F3-4A52-849B-08935C575940}.Release|Mixed Platforms.Build.0 = Release|Any CPU
		{AF69C602-A1F3-4A52-849B-08935C575940}.Release|x86.ActiveCfg = Release|Any CPU
		{7A5414D8-10A5-44F4-AB12-7AF52111CEED}.Debug|Any CPU.ActiveCfg = Debug|Any CPU
		{7A5414D8-10A5-44F4-AB12-7AF52111CEED}.Debug|Any CPU.Build.0 = Debug|Any CPU
		{7A5414D8-10A5-44F4-AB12-7AF52111CEED}.Debug|Mixed Platforms.ActiveCfg = Debug|Any CPU
		{7A5414D8-10A5-44F4-AB12-7AF52111CEED}.Debug|Mixed Platforms.Build.0 = Debug|Any CPU
		{7A5414D8-10A5-44F4-AB12-7AF52111CEED}.Debug|x86.ActiveCfg = Debug|Any CPU
		{7A5414D8-10A5-44F4-AB12-7AF52111CEED}.DebugLocal|Any CPU.ActiveCfg = Debug|Any CPU
		{7A5414D8-10A5-44F4-AB12-7AF52111CEED}.DebugLocal|Any CPU.Build.0 = Debug|Any CPU
		{7A5414D8-10A5-44F4-AB12-7AF52111CEED}.DebugLocal|Mixed Platforms.ActiveCfg = Debug|Any CPU
		{7A5414D8-10A5-44F4-AB12-7AF52111CEED}.DebugLocal|Mixed Platforms.Build.0 = Debug|Any CPU
		{7A5414D8-10A5-44F4-AB12-7AF52111CEED}.DebugLocal|x86.ActiveCfg = Debug|Any CPU
		{7A5414D8-10A5-44F4-AB12-7AF52111CEED}.Release|Any CPU.ActiveCfg = Release|Any CPU
		{7A5414D8-10A5-44F4-AB12-7AF52111CEED}.Release|Any CPU.Build.0 = Release|Any CPU
		{7A5414D8-10A5-44F4-AB12-7AF52111CEED}.Release|Mixed Platforms.ActiveCfg = Release|Any CPU
		{7A5414D8-10A5-44F4-AB12-7AF52111CEED}.Release|Mixed Platforms.Build.0 = Release|Any CPU
		{7A5414D8-10A5-44F4-AB12-7AF52111CEED}.Release|x86.ActiveCfg = Release|Any CPU
		{86F50368-5267-4CD2-8D00-1ABA41831473}.Debug|Any CPU.ActiveCfg = Debug|Any CPU
		{86F50368-5267-4CD2-8D00-1ABA41831473}.Debug|Any CPU.Build.0 = Debug|Any CPU
		{86F50368-5267-4CD2-8D00-1ABA41831473}.Debug|Mixed Platforms.ActiveCfg = Debug|Any CPU
		{86F50368-5267-4CD2-8D00-1ABA41831473}.Debug|Mixed Platforms.Build.0 = Debug|Any CPU
		{86F50368-5267-4CD2-8D00-1ABA41831473}.Debug|x86.ActiveCfg = Debug|Any CPU
		{86F50368-5267-4CD2-8D00-1ABA41831473}.DebugLocal|Any CPU.ActiveCfg = Debug|Any CPU
		{86F50368-5267-4CD2-8D00-1ABA41831473}.DebugLocal|Any CPU.Build.0 = Debug|Any CPU
		{86F50368-5267-4CD2-8D00-1ABA41831473}.DebugLocal|Mixed Platforms.ActiveCfg = Debug|Any CPU
		{86F50368-5267-4CD2-8D00-1ABA41831473}.DebugLocal|Mixed Platforms.Build.0 = Debug|Any CPU
		{86F50368-5267-4CD2-8D00-1ABA41831473}.DebugLocal|x86.ActiveCfg = Debug|Any CPU
		{86F50368-5267-4CD2-8D00-1ABA41831473}.Release|Any CPU.ActiveCfg = Release|Any CPU
		{86F50368-5267-4CD2-8D00-1ABA41831473}.Release|Any CPU.Build.0 = Release|Any CPU
		{86F50368-5267-4CD2-8D00-1ABA41831473}.Release|Mixed Platforms.ActiveCfg = Release|Any CPU
		{86F50368-5267-4CD2-8D00-1ABA41831473}.Release|Mixed Platforms.Build.0 = Release|Any CPU
		{86F50368-5267-4CD2-8D00-1ABA41831473}.Release|x86.ActiveCfg = Release|Any CPU
		{1EAC6A03-72C1-4DFE-847B-763AD5855E91}.Debug|Any CPU.ActiveCfg = Debug|Any CPU
		{1EAC6A03-72C1-4DFE-847B-763AD5855E91}.Debug|Any CPU.Build.0 = Debug|Any CPU
		{1EAC6A03-72C1-4DFE-847B-763AD5855E91}.Debug|Mixed Platforms.ActiveCfg = Debug|Any CPU
		{1EAC6A03-72C1-4DFE-847B-763AD5855E91}.Debug|Mixed Platforms.Build.0 = Debug|Any CPU
		{1EAC6A03-72C1-4DFE-847B-763AD5855E91}.Debug|x86.ActiveCfg = Debug|Any CPU
		{1EAC6A03-72C1-4DFE-847B-763AD5855E91}.DebugLocal|Any CPU.ActiveCfg = Debug|Any CPU
		{1EAC6A03-72C1-4DFE-847B-763AD5855E91}.DebugLocal|Any CPU.Build.0 = Debug|Any CPU
		{1EAC6A03-72C1-4DFE-847B-763AD5855E91}.DebugLocal|Mixed Platforms.ActiveCfg = Debug|Any CPU
		{1EAC6A03-72C1-4DFE-847B-763AD5855E91}.DebugLocal|Mixed Platforms.Build.0 = Debug|Any CPU
		{1EAC6A03-72C1-4DFE-847B-763AD5855E91}.DebugLocal|x86.ActiveCfg = Debug|Any CPU
		{1EAC6A03-72C1-4DFE-847B-763AD5855E91}.Release|Any CPU.ActiveCfg = Release|Any CPU
		{1EAC6A03-72C1-4DFE-847B-763AD5855E91}.Release|Any CPU.Build.0 = Release|Any CPU
		{1EAC6A03-72C1-4DFE-847B-763AD5855E91}.Release|Mixed Platforms.ActiveCfg = Release|Any CPU
		{1EAC6A03-72C1-4DFE-847B-763AD5855E91}.Release|Mixed Platforms.Build.0 = Release|Any CPU
		{1EAC6A03-72C1-4DFE-847B-763AD5855E91}.Release|x86.ActiveCfg = Release|Any CPU
		{CB732B0E-BF69-488B-86BF-B1D3A2EB0D38}.Debug|Any CPU.ActiveCfg = Debug|Any CPU
		{CB732B0E-BF69-488B-86BF-B1D3A2EB0D38}.Debug|Any CPU.Build.0 = Debug|Any CPU
		{CB732B0E-BF69-488B-86BF-B1D3A2EB0D38}.Debug|Mixed Platforms.ActiveCfg = Debug|Any CPU
		{CB732B0E-BF69-488B-86BF-B1D3A2EB0D38}.Debug|Mixed Platforms.Build.0 = Debug|Any CPU
		{CB732B0E-BF69-488B-86BF-B1D3A2EB0D38}.Debug|x86.ActiveCfg = Debug|Any CPU
		{CB732B0E-BF69-488B-86BF-B1D3A2EB0D38}.DebugLocal|Any CPU.ActiveCfg = Debug|Any CPU
		{CB732B0E-BF69-488B-86BF-B1D3A2EB0D38}.DebugLocal|Any CPU.Build.0 = Debug|Any CPU
		{CB732B0E-BF69-488B-86BF-B1D3A2EB0D38}.DebugLocal|Mixed Platforms.ActiveCfg = Debug|Any CPU
		{CB732B0E-BF69-488B-86BF-B1D3A2EB0D38}.DebugLocal|Mixed Platforms.Build.0 = Debug|Any CPU
		{CB732B0E-BF69-488B-86BF-B1D3A2EB0D38}.DebugLocal|x86.ActiveCfg = Debug|Any CPU
		{CB732B0E-BF69-488B-86BF-B1D3A2EB0D38}.Release|Any CPU.ActiveCfg = Release|Any CPU
		{CB732B0E-BF69-488B-86BF-B1D3A2EB0D38}.Release|Any CPU.Build.0 = Release|Any CPU
		{CB732B0E-BF69-488B-86BF-B1D3A2EB0D38}.Release|Mixed Platforms.ActiveCfg = Release|Any CPU
		{CB732B0E-BF69-488B-86BF-B1D3A2EB0D38}.Release|Mixed Platforms.Build.0 = Release|Any CPU
		{CB732B0E-BF69-488B-86BF-B1D3A2EB0D38}.Release|x86.ActiveCfg = Release|Any CPU
		{010DBB19-5A8B-461C-8CE7-1BE05A9EBAFA}.Debug|Any CPU.ActiveCfg = Debug|Any CPU
		{010DBB19-5A8B-461C-8CE7-1BE05A9EBAFA}.Debug|Any CPU.Build.0 = Debug|Any CPU
		{010DBB19-5A8B-461C-8CE7-1BE05A9EBAFA}.Debug|Mixed Platforms.ActiveCfg = Debug|Any CPU
		{010DBB19-5A8B-461C-8CE7-1BE05A9EBAFA}.Debug|Mixed Platforms.Build.0 = Debug|Any CPU
		{010DBB19-5A8B-461C-8CE7-1BE05A9EBAFA}.Debug|x86.ActiveCfg = Debug|Any CPU
		{010DBB19-5A8B-461C-8CE7-1BE05A9EBAFA}.DebugLocal|Any CPU.ActiveCfg = Debug|Any CPU
		{010DBB19-5A8B-461C-8CE7-1BE05A9EBAFA}.DebugLocal|Any CPU.Build.0 = Debug|Any CPU
		{010DBB19-5A8B-461C-8CE7-1BE05A9EBAFA}.DebugLocal|Mixed Platforms.ActiveCfg = Debug|Any CPU
		{010DBB19-5A8B-461C-8CE7-1BE05A9EBAFA}.DebugLocal|Mixed Platforms.Build.0 = Debug|Any CPU
		{010DBB19-5A8B-461C-8CE7-1BE05A9EBAFA}.DebugLocal|x86.ActiveCfg = Debug|Any CPU
		{010DBB19-5A8B-461C-8CE7-1BE05A9EBAFA}.Release|Any CPU.ActiveCfg = Release|Any CPU
		{010DBB19-5A8B-461C-8CE7-1BE05A9EBAFA}.Release|Any CPU.Build.0 = Release|Any CPU
		{010DBB19-5A8B-461C-8CE7-1BE05A9EBAFA}.Release|Mixed Platforms.ActiveCfg = Release|Any CPU
		{010DBB19-5A8B-461C-8CE7-1BE05A9EBAFA}.Release|Mixed Platforms.Build.0 = Release|Any CPU
		{010DBB19-5A8B-461C-8CE7-1BE05A9EBAFA}.Release|x86.ActiveCfg = Release|Any CPU
		{EDC31810-5812-478A-BEC7-0615DF5813A4}.Debug|Any CPU.ActiveCfg = Debug
		{EDC31810-5812-478A-BEC7-0615DF5813A4}.Debug|Any CPU.Build.0 = Debug
		{EDC31810-5812-478A-BEC7-0615DF5813A4}.Debug|Any CPU.Deploy.0 = Debug
		{EDC31810-5812-478A-BEC7-0615DF5813A4}.Debug|Mixed Platforms.ActiveCfg = Debug
		{EDC31810-5812-478A-BEC7-0615DF5813A4}.Debug|Mixed Platforms.Build.0 = Debug
		{EDC31810-5812-478A-BEC7-0615DF5813A4}.Debug|Mixed Platforms.Deploy.0 = Debug
		{EDC31810-5812-478A-BEC7-0615DF5813A4}.Debug|x86.ActiveCfg = Debug
		{EDC31810-5812-478A-BEC7-0615DF5813A4}.Debug|x86.Build.0 = Debug
		{EDC31810-5812-478A-BEC7-0615DF5813A4}.Debug|x86.Deploy.0 = Debug
		{EDC31810-5812-478A-BEC7-0615DF5813A4}.DebugLocal|Any CPU.ActiveCfg = DebugLocal
		{EDC31810-5812-478A-BEC7-0615DF5813A4}.DebugLocal|Any CPU.Build.0 = DebugLocal
		{EDC31810-5812-478A-BEC7-0615DF5813A4}.DebugLocal|Any CPU.Deploy.0 = DebugLocal
		{EDC31810-5812-478A-BEC7-0615DF5813A4}.DebugLocal|Mixed Platforms.ActiveCfg = DebugLocal
		{EDC31810-5812-478A-BEC7-0615DF5813A4}.DebugLocal|Mixed Platforms.Build.0 = DebugLocal
		{EDC31810-5812-478A-BEC7-0615DF5813A4}.DebugLocal|Mixed Platforms.Deploy.0 = DebugLocal
		{EDC31810-5812-478A-BEC7-0615DF5813A4}.DebugLocal|x86.ActiveCfg = DebugLocal
		{EDC31810-5812-478A-BEC7-0615DF5813A4}.DebugLocal|x86.Build.0 = DebugLocal
		{EDC31810-5812-478A-BEC7-0615DF5813A4}.DebugLocal|x86.Deploy.0 = DebugLocal
		{EDC31810-5812-478A-BEC7-0615DF5813A4}.Release|Any CPU.ActiveCfg = Release
		{EDC31810-5812-478A-BEC7-0615DF5813A4}.Release|Any CPU.Build.0 = Release
		{EDC31810-5812-478A-BEC7-0615DF5813A4}.Release|Any CPU.Deploy.0 = Release
		{EDC31810-5812-478A-BEC7-0615DF5813A4}.Release|Mixed Platforms.ActiveCfg = Release
		{EDC31810-5812-478A-BEC7-0615DF5813A4}.Release|Mixed Platforms.Build.0 = Release
		{EDC31810-5812-478A-BEC7-0615DF5813A4}.Release|Mixed Platforms.Deploy.0 = Release
		{EDC31810-5812-478A-BEC7-0615DF5813A4}.Release|x86.ActiveCfg = Release
		{EDC31810-5812-478A-BEC7-0615DF5813A4}.Release|x86.Build.0 = Release
		{EDC31810-5812-478A-BEC7-0615DF5813A4}.Release|x86.Deploy.0 = Release
		{CF9749DD-78F8-4C30-AC26-2A371C2FDF83}.Debug|Any CPU.ActiveCfg = Debug
		{CF9749DD-78F8-4C30-AC26-2A371C2FDF83}.Debug|Any CPU.Build.0 = Debug
		{CF9749DD-78F8-4C30-AC26-2A371C2FDF83}.Debug|Any CPU.Deploy.0 = Debug
		{CF9749DD-78F8-4C30-AC26-2A371C2FDF83}.Debug|Mixed Platforms.ActiveCfg = Debug
		{CF9749DD-78F8-4C30-AC26-2A371C2FDF83}.Debug|Mixed Platforms.Build.0 = Debug
		{CF9749DD-78F8-4C30-AC26-2A371C2FDF83}.Debug|Mixed Platforms.Deploy.0 = Debug
		{CF9749DD-78F8-4C30-AC26-2A371C2FDF83}.Debug|x86.ActiveCfg = Debug
		{CF9749DD-78F8-4C30-AC26-2A371C2FDF83}.Debug|x86.Build.0 = Debug
		{CF9749DD-78F8-4C30-AC26-2A371C2FDF83}.Debug|x86.Deploy.0 = Debug
		{CF9749DD-78F8-4C30-AC26-2A371C2FDF83}.DebugLocal|Any CPU.ActiveCfg = DebugLocal
		{CF9749DD-78F8-4C30-AC26-2A371C2FDF83}.DebugLocal|Any CPU.Build.0 = DebugLocal
		{CF9749DD-78F8-4C30-AC26-2A371C2FDF83}.DebugLocal|Mixed Platforms.ActiveCfg = DebugLocal
		{CF9749DD-78F8-4C30-AC26-2A371C2FDF83}.DebugLocal|Mixed Platforms.Build.0 = DebugLocal
		{CF9749DD-78F8-4C30-AC26-2A371C2FDF83}.DebugLocal|Mixed Platforms.Deploy.0 = DebugLocal
		{CF9749DD-78F8-4C30-AC26-2A371C2FDF83}.DebugLocal|x86.ActiveCfg = DebugLocal
		{CF9749DD-78F8-4C30-AC26-2A371C2FDF83}.DebugLocal|x86.Build.0 = DebugLocal
		{CF9749DD-78F8-4C30-AC26-2A371C2FDF83}.DebugLocal|x86.Deploy.0 = DebugLocal
		{CF9749DD-78F8-4C30-AC26-2A371C2FDF83}.Release|Any CPU.ActiveCfg = Release
		{CF9749DD-78F8-4C30-AC26-2A371C2FDF83}.Release|Any CPU.Build.0 = Release
		{CF9749DD-78F8-4C30-AC26-2A371C2FDF83}.Release|Any CPU.Deploy.0 = Release
		{CF9749DD-78F8-4C30-AC26-2A371C2FDF83}.Release|Mixed Platforms.ActiveCfg = Release
		{CF9749DD-78F8-4C30-AC26-2A371C2FDF83}.Release|Mixed Platforms.Build.0 = Release
		{CF9749DD-78F8-4C30-AC26-2A371C2FDF83}.Release|Mixed Platforms.Deploy.0 = Release
		{CF9749DD-78F8-4C30-AC26-2A371C2FDF83}.Release|x86.ActiveCfg = Release
		{CF9749DD-78F8-4C30-AC26-2A371C2FDF83}.Release|x86.Build.0 = Release
		{CF9749DD-78F8-4C30-AC26-2A371C2FDF83}.Release|x86.Deploy.0 = Release
		{C5CF8496-4591-418C-887E-D0215B21720F}.Debug|Any CPU.ActiveCfg = Debug|Any CPU
		{C5CF8496-4591-418C-887E-D0215B21720F}.Debug|Any CPU.Build.0 = Debug|Any CPU
		{C5CF8496-4591-418C-887E-D0215B21720F}.Debug|Mixed Platforms.ActiveCfg = Debug|Any CPU
		{C5CF8496-4591-418C-887E-D0215B21720F}.Debug|Mixed Platforms.Build.0 = Debug|Any CPU
		{C5CF8496-4591-418C-887E-D0215B21720F}.Debug|x86.ActiveCfg = Debug|Any CPU
		{C5CF8496-4591-418C-887E-D0215B21720F}.DebugLocal|Any CPU.ActiveCfg = Debug|Any CPU
		{C5CF8496-4591-418C-887E-D0215B21720F}.DebugLocal|Any CPU.Build.0 = Debug|Any CPU
		{C5CF8496-4591-418C-887E-D0215B21720F}.DebugLocal|Mixed Platforms.ActiveCfg = Debug|Any CPU
		{C5CF8496-4591-418C-887E-D0215B21720F}.DebugLocal|Mixed Platforms.Build.0 = Debug|Any CPU
		{C5CF8496-4591-418C-887E-D0215B21720F}.DebugLocal|x86.ActiveCfg = Debug|Any CPU
		{C5CF8496-4591-418C-887E-D0215B21720F}.Release|Any CPU.ActiveCfg = Release|Any CPU
		{C5CF8496-4591-418C-887E-D0215B21720F}.Release|Any CPU.Build.0 = Release|Any CPU
		{C5CF8496-4591-418C-887E-D0215B21720F}.Release|Mixed Platforms.ActiveCfg = Release|Any CPU
		{C5CF8496-4591-418C-887E-D0215B21720F}.Release|Mixed Platforms.Build.0 = Release|Any CPU
		{C5CF8496-4591-418C-887E-D0215B21720F}.Release|x86.ActiveCfg = Release|Any CPU
		{B067E96C-53EE-49F9-AD71-0FDACBF39D31}.Debug|Any CPU.ActiveCfg = Debug|Any CPU
		{B067E96C-53EE-49F9-AD71-0FDACBF39D31}.Debug|Any CPU.Build.0 = Debug|Any CPU
		{B067E96C-53EE-49F9-AD71-0FDACBF39D31}.Debug|Mixed Platforms.ActiveCfg = Debug|Any CPU
		{B067E96C-53EE-49F9-AD71-0FDACBF39D31}.Debug|Mixed Platforms.Build.0 = Debug|Any CPU
		{B067E96C-53EE-49F9-AD71-0FDACBF39D31}.Debug|x86.ActiveCfg = Debug|Any CPU
		{B067E96C-53EE-49F9-AD71-0FDACBF39D31}.DebugLocal|Any CPU.ActiveCfg = Debug|Any CPU
		{B067E96C-53EE-49F9-AD71-0FDACBF39D31}.DebugLocal|Any CPU.Build.0 = Debug|Any CPU
		{B067E96C-53EE-49F9-AD71-0FDACBF39D31}.DebugLocal|Mixed Platforms.ActiveCfg = Debug|Any CPU
		{B067E96C-53EE-49F9-AD71-0FDACBF39D31}.DebugLocal|Mixed Platforms.Build.0 = Debug|Any CPU
		{B067E96C-53EE-49F9-AD71-0FDACBF39D31}.DebugLocal|x86.ActiveCfg = Debug|Any CPU
		{B067E96C-53EE-49F9-AD71-0FDACBF39D31}.Release|Any CPU.ActiveCfg = Release|Any CPU
		{B067E96C-53EE-49F9-AD71-0FDACBF39D31}.Release|Any CPU.Build.0 = Release|Any CPU
		{B067E96C-53EE-49F9-AD71-0FDACBF39D31}.Release|Mixed Platforms.ActiveCfg = Release|Any CPU
		{B067E96C-53EE-49F9-AD71-0FDACBF39D31}.Release|Mixed Platforms.Build.0 = Release|Any CPU
		{B067E96C-53EE-49F9-AD71-0FDACBF39D31}.Release|x86.ActiveCfg = Release|Any CPU
		{9A4718A4-227E-4D5F-BDEC-D9345545F201}.Debug|Any CPU.ActiveCfg = Debug|Any CPU
		{9A4718A4-227E-4D5F-BDEC-D9345545F201}.Debug|Any CPU.Build.0 = Debug|Any CPU
		{9A4718A4-227E-4D5F-BDEC-D9345545F201}.Debug|Mixed Platforms.ActiveCfg = Debug|Any CPU
		{9A4718A4-227E-4D5F-BDEC-D9345545F201}.Debug|Mixed Platforms.Build.0 = Debug|Any CPU
		{9A4718A4-227E-4D5F-BDEC-D9345545F201}.Debug|x86.ActiveCfg = Debug|Any CPU
		{9A4718A4-227E-4D5F-BDEC-D9345545F201}.DebugLocal|Any CPU.ActiveCfg = Debug|Any CPU
		{9A4718A4-227E-4D5F-BDEC-D9345545F201}.DebugLocal|Any CPU.Build.0 = Debug|Any CPU
		{9A4718A4-227E-4D5F-BDEC-D9345545F201}.DebugLocal|Mixed Platforms.ActiveCfg = Debug|Any CPU
		{9A4718A4-227E-4D5F-BDEC-D9345545F201}.DebugLocal|Mixed Platforms.Build.0 = Debug|Any CPU
		{9A4718A4-227E-4D5F-BDEC-D9345545F201}.DebugLocal|x86.ActiveCfg = Debug|Any CPU
		{9A4718A4-227E-4D5F-BDEC-D9345545F201}.Release|Any CPU.ActiveCfg = Release|Any CPU
		{9A4718A4-227E-4D5F-BDEC-D9345545F201}.Release|Any CPU.Build.0 = Release|Any CPU
		{9A4718A4-227E-4D5F-BDEC-D9345545F201}.Release|Mixed Platforms.ActiveCfg = Release|Any CPU
		{9A4718A4-227E-4D5F-BDEC-D9345545F201}.Release|Mixed Platforms.Build.0 = Release|Any CPU
		{9A4718A4-227E-4D5F-BDEC-D9345545F201}.Release|x86.ActiveCfg = Release|Any CPU
		{756F71FE-8E1A-4127-85D9-7F46A0D1B119}.Debug|Any CPU.ActiveCfg = Debug|Any CPU
		{756F71FE-8E1A-4127-85D9-7F46A0D1B119}.Debug|Any CPU.Build.0 = Debug|Any CPU
		{756F71FE-8E1A-4127-85D9-7F46A0D1B119}.Debug|Mixed Platforms.ActiveCfg = Debug|Any CPU
		{756F71FE-8E1A-4127-85D9-7F46A0D1B119}.Debug|Mixed Platforms.Build.0 = Debug|Any CPU
		{756F71FE-8E1A-4127-85D9-7F46A0D1B119}.Debug|x86.ActiveCfg = Debug|Any CPU
		{756F71FE-8E1A-4127-85D9-7F46A0D1B119}.DebugLocal|Any CPU.ActiveCfg = Debug|Any CPU
		{756F71FE-8E1A-4127-85D9-7F46A0D1B119}.DebugLocal|Any CPU.Build.0 = Debug|Any CPU
		{756F71FE-8E1A-4127-85D9-7F46A0D1B119}.DebugLocal|Mixed Platforms.ActiveCfg = Debug|Any CPU
		{756F71FE-8E1A-4127-85D9-7F46A0D1B119}.DebugLocal|Mixed Platforms.Build.0 = Debug|Any CPU
		{756F71FE-8E1A-4127-85D9-7F46A0D1B119}.DebugLocal|x86.ActiveCfg = Debug|Any CPU
		{756F71FE-8E1A-4127-85D9-7F46A0D1B119}.Release|Any CPU.ActiveCfg = Release|Any CPU
		{756F71FE-8E1A-4127-85D9-7F46A0D1B119}.Release|Any CPU.Build.0 = Release|Any CPU
		{756F71FE-8E1A-4127-85D9-7F46A0D1B119}.Release|Mixed Platforms.ActiveCfg = Release|Any CPU
		{756F71FE-8E1A-4127-85D9-7F46A0D1B119}.Release|Mixed Platforms.Build.0 = Release|Any CPU
		{756F71FE-8E1A-4127-85D9-7F46A0D1B119}.Release|x86.ActiveCfg = Release|Any CPU
		{265EA1F1-89AA-4D56-A03D-C040511B436A}.Debug|Any CPU.ActiveCfg = Debug|Any CPU
		{265EA1F1-89AA-4D56-A03D-C040511B436A}.Debug|Any CPU.Build.0 = Debug|Any CPU
		{265EA1F1-89AA-4D56-A03D-C040511B436A}.Debug|Mixed Platforms.ActiveCfg = Debug|Any CPU
		{265EA1F1-89AA-4D56-A03D-C040511B436A}.Debug|Mixed Platforms.Build.0 = Debug|Any CPU
		{265EA1F1-89AA-4D56-A03D-C040511B436A}.Debug|x86.ActiveCfg = Debug|Any CPU
		{265EA1F1-89AA-4D56-A03D-C040511B436A}.DebugLocal|Any CPU.ActiveCfg = Debug|Any CPU
		{265EA1F1-89AA-4D56-A03D-C040511B436A}.DebugLocal|Any CPU.Build.0 = Debug|Any CPU
		{265EA1F1-89AA-4D56-A03D-C040511B436A}.DebugLocal|Mixed Platforms.ActiveCfg = Debug|Any CPU
		{265EA1F1-89AA-4D56-A03D-C040511B436A}.DebugLocal|Mixed Platforms.Build.0 = Debug|Any CPU
		{265EA1F1-89AA-4D56-A03D-C040511B436A}.DebugLocal|x86.ActiveCfg = Debug|Any CPU
		{265EA1F1-89AA-4D56-A03D-C040511B436A}.Release|Any CPU.ActiveCfg = Release|Any CPU
		{265EA1F1-89AA-4D56-A03D-C040511B436A}.Release|Any CPU.Build.0 = Release|Any CPU
		{265EA1F1-89AA-4D56-A03D-C040511B436A}.Release|Mixed Platforms.ActiveCfg = Release|Any CPU
		{265EA1F1-89AA-4D56-A03D-C040511B436A}.Release|Mixed Platforms.Build.0 = Release|Any CPU
		{265EA1F1-89AA-4D56-A03D-C040511B436A}.Release|x86.ActiveCfg = Release|Any CPU
		{0716CFB5-87F2-49DE-8C9D-8867B6824EBF}.Debug|Any CPU.ActiveCfg = Debug|Any CPU
		{0716CFB5-87F2-49DE-8C9D-8867B6824EBF}.Debug|Any CPU.Build.0 = Debug|Any CPU
		{0716CFB5-87F2-49DE-8C9D-8867B6824EBF}.Debug|Mixed Platforms.ActiveCfg = Debug|Any CPU
		{0716CFB5-87F2-49DE-8C9D-8867B6824EBF}.Debug|Mixed Platforms.Build.0 = Debug|Any CPU
		{0716CFB5-87F2-49DE-8C9D-8867B6824EBF}.Debug|x86.ActiveCfg = Debug|Any CPU
		{0716CFB5-87F2-49DE-8C9D-8867B6824EBF}.DebugLocal|Any CPU.ActiveCfg = Debug|Any CPU
		{0716CFB5-87F2-49DE-8C9D-8867B6824EBF}.DebugLocal|Any CPU.Build.0 = Debug|Any CPU
		{0716CFB5-87F2-49DE-8C9D-8867B6824EBF}.DebugLocal|Mixed Platforms.ActiveCfg = Debug|Any CPU
		{0716CFB5-87F2-49DE-8C9D-8867B6824EBF}.DebugLocal|Mixed Platforms.Build.0 = Debug|Any CPU
		{0716CFB5-87F2-49DE-8C9D-8867B6824EBF}.DebugLocal|x86.ActiveCfg = Debug|Any CPU
		{0716CFB5-87F2-49DE-8C9D-8867B6824EBF}.Release|Any CPU.ActiveCfg = Release|Any CPU
		{0716CFB5-87F2-49DE-8C9D-8867B6824EBF}.Release|Any CPU.Build.0 = Release|Any CPU
		{0716CFB5-87F2-49DE-8C9D-8867B6824EBF}.Release|Mixed Platforms.ActiveCfg = Release|Any CPU
		{0716CFB5-87F2-49DE-8C9D-8867B6824EBF}.Release|Mixed Platforms.Build.0 = Release|Any CPU
		{0716CFB5-87F2-49DE-8C9D-8867B6824EBF}.Release|x86.ActiveCfg = Release|Any CPU
		{82183C1E-AE6D-4F75-AC16-CEF571C6B4C7}.Debug|Any CPU.ActiveCfg = Debug|Any CPU
		{82183C1E-AE6D-4F75-AC16-CEF571C6B4C7}.Debug|Any CPU.Build.0 = Debug|Any CPU
		{82183C1E-AE6D-4F75-AC16-CEF571C6B4C7}.Debug|Mixed Platforms.ActiveCfg = Debug|Any CPU
		{82183C1E-AE6D-4F75-AC16-CEF571C6B4C7}.Debug|Mixed Platforms.Build.0 = Debug|Any CPU
		{82183C1E-AE6D-4F75-AC16-CEF571C6B4C7}.Debug|x86.ActiveCfg = Debug|Any CPU
		{82183C1E-AE6D-4F75-AC16-CEF571C6B4C7}.DebugLocal|Any CPU.ActiveCfg = Debug|Any CPU
		{82183C1E-AE6D-4F75-AC16-CEF571C6B4C7}.DebugLocal|Any CPU.Build.0 = Debug|Any CPU
		{82183C1E-AE6D-4F75-AC16-CEF571C6B4C7}.DebugLocal|Mixed Platforms.ActiveCfg = Debug|Any CPU
		{82183C1E-AE6D-4F75-AC16-CEF571C6B4C7}.DebugLocal|Mixed Platforms.Build.0 = Debug|Any CPU
		{82183C1E-AE6D-4F75-AC16-CEF571C6B4C7}.DebugLocal|x86.ActiveCfg = Debug|Any CPU
		{82183C1E-AE6D-4F75-AC16-CEF571C6B4C7}.Release|Any CPU.ActiveCfg = Release|Any CPU
		{82183C1E-AE6D-4F75-AC16-CEF571C6B4C7}.Release|Any CPU.Build.0 = Release|Any CPU
		{82183C1E-AE6D-4F75-AC16-CEF571C6B4C7}.Release|Mixed Platforms.ActiveCfg = Release|Any CPU
		{82183C1E-AE6D-4F75-AC16-CEF571C6B4C7}.Release|Mixed Platforms.Build.0 = Release|Any CPU
		{82183C1E-AE6D-4F75-AC16-CEF571C6B4C7}.Release|x86.ActiveCfg = Release|Any CPU
		{58F00FCC-D341-4BDB-89E7-AD89D02EA422}.Debug|Any CPU.ActiveCfg = Debug|Any CPU
		{58F00FCC-D341-4BDB-89E7-AD89D02EA422}.Debug|Any CPU.Build.0 = Debug|Any CPU
		{58F00FCC-D341-4BDB-89E7-AD89D02EA422}.Debug|Mixed Platforms.ActiveCfg = Debug|Any CPU
		{58F00FCC-D341-4BDB-89E7-AD89D02EA422}.Debug|Mixed Platforms.Build.0 = Debug|Any CPU
		{58F00FCC-D341-4BDB-89E7-AD89D02EA422}.Debug|x86.ActiveCfg = Debug|Any CPU
		{58F00FCC-D341-4BDB-89E7-AD89D02EA422}.DebugLocal|Any CPU.ActiveCfg = Debug|Any CPU
		{58F00FCC-D341-4BDB-89E7-AD89D02EA422}.DebugLocal|Any CPU.Build.0 = Debug|Any CPU
		{58F00FCC-D341-4BDB-89E7-AD89D02EA422}.DebugLocal|Mixed Platforms.ActiveCfg = Debug|Any CPU
		{58F00FCC-D341-4BDB-89E7-AD89D02EA422}.DebugLocal|Mixed Platforms.Build.0 = Debug|Any CPU
		{58F00FCC-D341-4BDB-89E7-AD89D02EA422}.DebugLocal|x86.ActiveCfg = Debug|Any CPU
		{58F00FCC-D341-4BDB-89E7-AD89D02EA422}.Release|Any CPU.ActiveCfg = Release|Any CPU
		{58F00FCC-D341-4BDB-89E7-AD89D02EA422}.Release|Any CPU.Build.0 = Release|Any CPU
		{58F00FCC-D341-4BDB-89E7-AD89D02EA422}.Release|Mixed Platforms.ActiveCfg = Release|Any CPU
		{58F00FCC-D341-4BDB-89E7-AD89D02EA422}.Release|Mixed Platforms.Build.0 = Release|Any CPU
		{58F00FCC-D341-4BDB-89E7-AD89D02EA422}.Release|x86.ActiveCfg = Release|Any CPU
		{8A0BE982-1FC0-42E0-BDA4-EDF4B40FC862}.Debug|Any CPU.ActiveCfg = Debug|Any CPU
		{8A0BE982-1FC0-42E0-BDA4-EDF4B40FC862}.Debug|Any CPU.Build.0 = Debug|Any CPU
		{8A0BE982-1FC0-42E0-BDA4-EDF4B40FC862}.Debug|Mixed Platforms.ActiveCfg = Debug|Any CPU
		{8A0BE982-1FC0-42E0-BDA4-EDF4B40FC862}.Debug|Mixed Platforms.Build.0 = Debug|Any CPU
		{8A0BE982-1FC0-42E0-BDA4-EDF4B40FC862}.Debug|x86.ActiveCfg = Debug|Any CPU
		{8A0BE982-1FC0-42E0-BDA4-EDF4B40FC862}.DebugLocal|Any CPU.ActiveCfg = Debug|Any CPU
		{8A0BE982-1FC0-42E0-BDA4-EDF4B40FC862}.DebugLocal|Any CPU.Build.0 = Debug|Any CPU
		{8A0BE982-1FC0-42E0-BDA4-EDF4B40FC862}.DebugLocal|Mixed Platforms.ActiveCfg = Debug|Any CPU
		{8A0BE982-1FC0-42E0-BDA4-EDF4B40FC862}.DebugLocal|Mixed Platforms.Build.0 = Debug|Any CPU
		{8A0BE982-1FC0-42E0-BDA4-EDF4B40FC862}.DebugLocal|x86.ActiveCfg = Debug|Any CPU
		{8A0BE982-1FC0-42E0-BDA4-EDF4B40FC862}.Release|Any CPU.ActiveCfg = Release|Any CPU
		{8A0BE982-1FC0-42E0-BDA4-EDF4B40FC862}.Release|Any CPU.Build.0 = Release|Any CPU
		{8A0BE982-1FC0-42E0-BDA4-EDF4B40FC862}.Release|Mixed Platforms.ActiveCfg = Release|Any CPU
		{8A0BE982-1FC0-42E0-BDA4-EDF4B40FC862}.Release|Mixed Platforms.Build.0 = Release|Any CPU
		{8A0BE982-1FC0-42E0-BDA4-EDF4B40FC862}.Release|x86.ActiveCfg = Release|Any CPU
		{679F50AC-C0B1-4835-8638-58F5AE11875B}.Debug|Any CPU.ActiveCfg = Debug|Any CPU
		{679F50AC-C0B1-4835-8638-58F5AE11875B}.Debug|Any CPU.Build.0 = Debug|Any CPU
		{679F50AC-C0B1-4835-8638-58F5AE11875B}.Debug|Mixed Platforms.ActiveCfg = Debug|Any CPU
		{679F50AC-C0B1-4835-8638-58F5AE11875B}.Debug|Mixed Platforms.Build.0 = Debug|Any CPU
		{679F50AC-C0B1-4835-8638-58F5AE11875B}.Debug|x86.ActiveCfg = Debug|Any CPU
		{679F50AC-C0B1-4835-8638-58F5AE11875B}.DebugLocal|Any CPU.ActiveCfg = Debug|Any CPU
		{679F50AC-C0B1-4835-8638-58F5AE11875B}.DebugLocal|Any CPU.Build.0 = Debug|Any CPU
		{679F50AC-C0B1-4835-8638-58F5AE11875B}.DebugLocal|Mixed Platforms.ActiveCfg = Debug|Any CPU
		{679F50AC-C0B1-4835-8638-58F5AE11875B}.DebugLocal|Mixed Platforms.Build.0 = Debug|Any CPU
		{679F50AC-C0B1-4835-8638-58F5AE11875B}.DebugLocal|x86.ActiveCfg = Debug|Any CPU
		{679F50AC-C0B1-4835-8638-58F5AE11875B}.Release|Any CPU.ActiveCfg = Release|Any CPU
		{679F50AC-C0B1-4835-8638-58F5AE11875B}.Release|Any CPU.Build.0 = Release|Any CPU
		{679F50AC-C0B1-4835-8638-58F5AE11875B}.Release|Mixed Platforms.ActiveCfg = Release|Any CPU
		{679F50AC-C0B1-4835-8638-58F5AE11875B}.Release|Mixed Platforms.Build.0 = Release|Any CPU
		{679F50AC-C0B1-4835-8638-58F5AE11875B}.Release|x86.ActiveCfg = Release|Any CPU
		{91DFD3F5-A566-4351-AD48-3A4D2E604412}.Debug|Any CPU.ActiveCfg = Debug|x86
		{91DFD3F5-A566-4351-AD48-3A4D2E604412}.Debug|Mixed Platforms.ActiveCfg = Debug|x86
		{91DFD3F5-A566-4351-AD48-3A4D2E604412}.Debug|Mixed Platforms.Build.0 = Debug|x86
		{91DFD3F5-A566-4351-AD48-3A4D2E604412}.Debug|x86.ActiveCfg = Debug|x86
		{91DFD3F5-A566-4351-AD48-3A4D2E604412}.Debug|x86.Build.0 = Debug|x86
		{91DFD3F5-A566-4351-AD48-3A4D2E604412}.DebugLocal|Any CPU.ActiveCfg = Debug|x86
		{91DFD3F5-A566-4351-AD48-3A4D2E604412}.DebugLocal|Mixed Platforms.ActiveCfg = Debug|x86
		{91DFD3F5-A566-4351-AD48-3A4D2E604412}.DebugLocal|Mixed Platforms.Build.0 = Debug|x86
		{91DFD3F5-A566-4351-AD48-3A4D2E604412}.DebugLocal|x86.ActiveCfg = Debug|x86
		{91DFD3F5-A566-4351-AD48-3A4D2E604412}.DebugLocal|x86.Build.0 = Debug|x86
		{91DFD3F5-A566-4351-AD48-3A4D2E604412}.Release|Any CPU.ActiveCfg = Release|x86
		{91DFD3F5-A566-4351-AD48-3A4D2E604412}.Release|Mixed Platforms.ActiveCfg = Release|x86
		{91DFD3F5-A566-4351-AD48-3A4D2E604412}.Release|Mixed Platforms.Build.0 = Release|x86
		{91DFD3F5-A566-4351-AD48-3A4D2E604412}.Release|x86.ActiveCfg = Release|x86
		{91DFD3F5-A566-4351-AD48-3A4D2E604412}.Release|x86.Build.0 = Release|x86
		{A3EDA182-A34B-42A1-A74D-7637EF6409AD}.Debug|Any CPU.ActiveCfg = Debug|Any CPU
		{A3EDA182-A34B-42A1-A74D-7637EF6409AD}.Debug|Any CPU.Build.0 = Debug|Any CPU
		{A3EDA182-A34B-42A1-A74D-7637EF6409AD}.Debug|Mixed Platforms.ActiveCfg = Debug|Any CPU
		{A3EDA182-A34B-42A1-A74D-7637EF6409AD}.Debug|Mixed Platforms.Build.0 = Debug|Any CPU
		{A3EDA182-A34B-42A1-A74D-7637EF6409AD}.Debug|x86.ActiveCfg = Debug|Any CPU
		{A3EDA182-A34B-42A1-A74D-7637EF6409AD}.DebugLocal|Any CPU.ActiveCfg = Debug|Any CPU
		{A3EDA182-A34B-42A1-A74D-7637EF6409AD}.DebugLocal|Any CPU.Build.0 = Debug|Any CPU
		{A3EDA182-A34B-42A1-A74D-7637EF6409AD}.DebugLocal|Mixed Platforms.ActiveCfg = Debug|Any CPU
		{A3EDA182-A34B-42A1-A74D-7637EF6409AD}.DebugLocal|Mixed Platforms.Build.0 = Debug|Any CPU
		{A3EDA182-A34B-42A1-A74D-7637EF6409AD}.DebugLocal|x86.ActiveCfg = Debug|Any CPU
		{A3EDA182-A34B-42A1-A74D-7637EF6409AD}.Release|Any CPU.ActiveCfg = Release|Any CPU
		{A3EDA182-A34B-42A1-A74D-7637EF6409AD}.Release|Any CPU.Build.0 = Release|Any CPU
		{A3EDA182-A34B-42A1-A74D-7637EF6409AD}.Release|Mixed Platforms.ActiveCfg = Release|Any CPU
		{A3EDA182-A34B-42A1-A74D-7637EF6409AD}.Release|Mixed Platforms.Build.0 = Release|Any CPU
		{A3EDA182-A34B-42A1-A74D-7637EF6409AD}.Release|x86.ActiveCfg = Release|Any CPU
		{679B9320-5C48-45BA-A0D9-0975D862397E}.Debug|Any CPU.ActiveCfg = Debug|Any CPU
		{679B9320-5C48-45BA-A0D9-0975D862397E}.Debug|Any CPU.Build.0 = Debug|Any CPU
		{679B9320-5C48-45BA-A0D9-0975D862397E}.Debug|Mixed Platforms.ActiveCfg = Debug|Any CPU
		{679B9320-5C48-45BA-A0D9-0975D862397E}.Debug|Mixed Platforms.Build.0 = Debug|Any CPU
		{679B9320-5C48-45BA-A0D9-0975D862397E}.Debug|x86.ActiveCfg = Debug|Any CPU
		{679B9320-5C48-45BA-A0D9-0975D862397E}.DebugLocal|Any CPU.ActiveCfg = Debug|Any CPU
		{679B9320-5C48-45BA-A0D9-0975D862397E}.DebugLocal|Any CPU.Build.0 = Debug|Any CPU
		{679B9320-5C48-45BA-A0D9-0975D862397E}.DebugLocal|Mixed Platforms.ActiveCfg = Debug|Any CPU
		{679B9320-5C48-45BA-A0D9-0975D862397E}.DebugLocal|Mixed Platforms.Build.0 = Debug|Any CPU
		{679B9320-5C48-45BA-A0D9-0975D862397E}.DebugLocal|x86.ActiveCfg = Debug|Any CPU
		{679B9320-5C48-45BA-A0D9-0975D862397E}.Release|Any CPU.ActiveCfg = Release|Any CPU
		{679B9320-5C48-45BA-A0D9-0975D862397E}.Release|Any CPU.Build.0 = Release|Any CPU
		{679B9320-5C48-45BA-A0D9-0975D862397E}.Release|Mixed Platforms.ActiveCfg = Release|Any CPU
		{679B9320-5C48-45BA-A0D9-0975D862397E}.Release|Mixed Platforms.Build.0 = Release|Any CPU
		{679B9320-5C48-45BA-A0D9-0975D862397E}.Release|x86.ActiveCfg = Release|Any CPU
		{4B76A449-3CF9-4F7D-B208-D4352FB2F8A4}.Debug|Any CPU.ActiveCfg = Debug
		{4B76A449-3CF9-4F7D-B208-D4352FB2F8A4}.Debug|Any CPU.Build.0 = Debug
		{4B76A449-3CF9-4F7D-B208-D4352FB2F8A4}.Debug|Any CPU.Deploy.0 = Debug
		{4B76A449-3CF9-4F7D-B208-D4352FB2F8A4}.Debug|Mixed Platforms.ActiveCfg = Debug
		{4B76A449-3CF9-4F7D-B208-D4352FB2F8A4}.Debug|Mixed Platforms.Build.0 = Debug
		{4B76A449-3CF9-4F7D-B208-D4352FB2F8A4}.Debug|Mixed Platforms.Deploy.0 = Debug
		{4B76A449-3CF9-4F7D-B208-D4352FB2F8A4}.Debug|x86.ActiveCfg = Debug
		{4B76A449-3CF9-4F7D-B208-D4352FB2F8A4}.Debug|x86.Build.0 = Debug
		{4B76A449-3CF9-4F7D-B208-D4352FB2F8A4}.Debug|x86.Deploy.0 = Debug
		{4B76A449-3CF9-4F7D-B208-D4352FB2F8A4}.DebugLocal|Any CPU.ActiveCfg = DebugLocal
		{4B76A449-3CF9-4F7D-B208-D4352FB2F8A4}.DebugLocal|Any CPU.Build.0 = DebugLocal
		{4B76A449-3CF9-4F7D-B208-D4352FB2F8A4}.DebugLocal|Mixed Platforms.ActiveCfg = DebugLocal
		{4B76A449-3CF9-4F7D-B208-D4352FB2F8A4}.DebugLocal|Mixed Platforms.Build.0 = DebugLocal
		{4B76A449-3CF9-4F7D-B208-D4352FB2F8A4}.DebugLocal|x86.ActiveCfg = DebugLocal
		{4B76A449-3CF9-4F7D-B208-D4352FB2F8A4}.DebugLocal|x86.Build.0 = DebugLocal
		{4B76A449-3CF9-4F7D-B208-D4352FB2F8A4}.Release|Any CPU.ActiveCfg = Release
		{4B76A449-3CF9-4F7D-B208-D4352FB2F8A4}.Release|Any CPU.Build.0 = Release
		{4B76A449-3CF9-4F7D-B208-D4352FB2F8A4}.Release|Any CPU.Deploy.0 = Release
		{4B76A449-3CF9-4F7D-B208-D4352FB2F8A4}.Release|Mixed Platforms.ActiveCfg = Release
		{4B76A449-3CF9-4F7D-B208-D4352FB2F8A4}.Release|Mixed Platforms.Build.0 = Release
		{4B76A449-3CF9-4F7D-B208-D4352FB2F8A4}.Release|Mixed Platforms.Deploy.0 = Release
		{4B76A449-3CF9-4F7D-B208-D4352FB2F8A4}.Release|x86.ActiveCfg = Release
		{4B76A449-3CF9-4F7D-B208-D4352FB2F8A4}.Release|x86.Build.0 = Release
		{4B76A449-3CF9-4F7D-B208-D4352FB2F8A4}.Release|x86.Deploy.0 = Release
		{71B36594-7375-4596-A069-562B420FAD78}.Debug|Any CPU.ActiveCfg = Debug|Any CPU
		{71B36594-7375-4596-A069-562B420FAD78}.Debug|Any CPU.Build.0 = Debug|Any CPU
		{71B36594-7375-4596-A069-562B420FAD78}.Debug|Mixed Platforms.ActiveCfg = Debug|Any CPU
		{71B36594-7375-4596-A069-562B420FAD78}.Debug|Mixed Platforms.Build.0 = Debug|Any CPU
		{71B36594-7375-4596-A069-562B420FAD78}.Debug|x86.ActiveCfg = Debug|Any CPU
		{71B36594-7375-4596-A069-562B420FAD78}.Debug|x86.Build.0 = Debug|Any CPU
		{71B36594-7375-4596-A069-562B420FAD78}.DebugLocal|Any CPU.ActiveCfg = Debug|Any CPU
		{71B36594-7375-4596-A069-562B420FAD78}.DebugLocal|Any CPU.Build.0 = Debug|Any CPU
		{71B36594-7375-4596-A069-562B420FAD78}.DebugLocal|Mixed Platforms.ActiveCfg = Debug|Any CPU
		{71B36594-7375-4596-A069-562B420FAD78}.DebugLocal|Mixed Platforms.Build.0 = Debug|Any CPU
		{71B36594-7375-4596-A069-562B420FAD78}.DebugLocal|x86.ActiveCfg = Debug|Any CPU
		{71B36594-7375-4596-A069-562B420FAD78}.DebugLocal|x86.Build.0 = Debug|Any CPU
		{71B36594-7375-4596-A069-562B420FAD78}.Release|Any CPU.ActiveCfg = Release|Any CPU
		{71B36594-7375-4596-A069-562B420FAD78}.Release|Any CPU.Build.0 = Release|Any CPU
		{71B36594-7375-4596-A069-562B420FAD78}.Release|Mixed Platforms.ActiveCfg = Release|Any CPU
		{71B36594-7375-4596-A069-562B420FAD78}.Release|Mixed Platforms.Build.0 = Release|Any CPU
		{71B36594-7375-4596-A069-562B420FAD78}.Release|x86.ActiveCfg = Release|Any CPU
		{71B36594-7375-4596-A069-562B420FAD78}.Release|x86.Build.0 = Release|Any CPU
		{2116099E-9D27-4372-BFE8-6226A30BF77E}.Debug|Any CPU.ActiveCfg = Debug|Any CPU
		{2116099E-9D27-4372-BFE8-6226A30BF77E}.Debug|Any CPU.Build.0 = Debug|Any CPU
		{2116099E-9D27-4372-BFE8-6226A30BF77E}.Debug|Mixed Platforms.ActiveCfg = Debug|Any CPU
		{2116099E-9D27-4372-BFE8-6226A30BF77E}.Debug|Mixed Platforms.Build.0 = Debug|Any CPU
		{2116099E-9D27-4372-BFE8-6226A30BF77E}.Debug|x86.ActiveCfg = Debug|Any CPU
		{2116099E-9D27-4372-BFE8-6226A30BF77E}.Debug|x86.Build.0 = Debug|Any CPU
		{2116099E-9D27-4372-BFE8-6226A30BF77E}.DebugLocal|Any CPU.ActiveCfg = Debug|Any CPU
		{2116099E-9D27-4372-BFE8-6226A30BF77E}.DebugLocal|Any CPU.Build.0 = Debug|Any CPU
		{2116099E-9D27-4372-BFE8-6226A30BF77E}.DebugLocal|Mixed Platforms.ActiveCfg = Debug|Any CPU
		{2116099E-9D27-4372-BFE8-6226A30BF77E}.DebugLocal|Mixed Platforms.Build.0 = Debug|Any CPU
		{2116099E-9D27-4372-BFE8-6226A30BF77E}.DebugLocal|x86.ActiveCfg = Debug|Any CPU
		{2116099E-9D27-4372-BFE8-6226A30BF77E}.DebugLocal|x86.Build.0 = Debug|Any CPU
		{2116099E-9D27-4372-BFE8-6226A30BF77E}.Release|Any CPU.ActiveCfg = Release|Any CPU
		{2116099E-9D27-4372-BFE8-6226A30BF77E}.Release|Any CPU.Build.0 = Release|Any CPU
		{2116099E-9D27-4372-BFE8-6226A30BF77E}.Release|Mixed Platforms.ActiveCfg = Release|Any CPU
		{2116099E-9D27-4372-BFE8-6226A30BF77E}.Release|Mixed Platforms.Build.0 = Release|Any CPU
		{2116099E-9D27-4372-BFE8-6226A30BF77E}.Release|x86.ActiveCfg = Release|Any CPU
		{2116099E-9D27-4372-BFE8-6226A30BF77E}.Release|x86.Build.0 = Release|Any CPU
		{28BF5B50-C4A7-4B79-B4A5-51499DF62130}.Debug|Any CPU.ActiveCfg = Debug|Any CPU
		{28BF5B50-C4A7-4B79-B4A5-51499DF62130}.Debug|Any CPU.Build.0 = Debug|Any CPU
		{28BF5B50-C4A7-4B79-B4A5-51499DF62130}.Debug|Mixed Platforms.ActiveCfg = Debug|Any CPU
		{28BF5B50-C4A7-4B79-B4A5-51499DF62130}.Debug|Mixed Platforms.Build.0 = Debug|Any CPU
		{28BF5B50-C4A7-4B79-B4A5-51499DF62130}.Debug|x86.ActiveCfg = Debug|Any CPU
		{28BF5B50-C4A7-4B79-B4A5-51499DF62130}.Debug|x86.Build.0 = Debug|Any CPU
		{28BF5B50-C4A7-4B79-B4A5-51499DF62130}.DebugLocal|Any CPU.ActiveCfg = Debug|Any CPU
		{28BF5B50-C4A7-4B79-B4A5-51499DF62130}.DebugLocal|Any CPU.Build.0 = Debug|Any CPU
		{28BF5B50-C4A7-4B79-B4A5-51499DF62130}.DebugLocal|Mixed Platforms.ActiveCfg = Debug|Any CPU
		{28BF5B50-C4A7-4B79-B4A5-51499DF62130}.DebugLocal|Mixed Platforms.Build.0 = Debug|Any CPU
		{28BF5B50-C4A7-4B79-B4A5-51499DF62130}.DebugLocal|x86.ActiveCfg = Debug|Any CPU
		{28BF5B50-C4A7-4B79-B4A5-51499DF62130}.DebugLocal|x86.Build.0 = Debug|Any CPU
		{28BF5B50-C4A7-4B79-B4A5-51499DF62130}.Release|Any CPU.ActiveCfg = Release|Any CPU
		{28BF5B50-C4A7-4B79-B4A5-51499DF62130}.Release|Any CPU.Build.0 = Release|Any CPU
		{28BF5B50-C4A7-4B79-B4A5-51499DF62130}.Release|Mixed Platforms.ActiveCfg = Release|Any CPU
		{28BF5B50-C4A7-4B79-B4A5-51499DF62130}.Release|Mixed Platforms.Build.0 = Release|Any CPU
		{28BF5B50-C4A7-4B79-B4A5-51499DF62130}.Release|x86.ActiveCfg = Release|Any CPU
		{28BF5B50-C4A7-4B79-B4A5-51499DF62130}.Release|x86.Build.0 = Release|Any CPU
		{795B6937-C464-4D7D-9F14-8D78890D30A2}.Debug|Any CPU.ActiveCfg = Debug|Any CPU
		{795B6937-C464-4D7D-9F14-8D78890D30A2}.Debug|Any CPU.Build.0 = Debug|Any CPU
		{795B6937-C464-4D7D-9F14-8D78890D30A2}.Debug|Mixed Platforms.ActiveCfg = Debug|Any CPU
		{795B6937-C464-4D7D-9F14-8D78890D30A2}.Debug|Mixed Platforms.Build.0 = Debug|Any CPU
		{795B6937-C464-4D7D-9F14-8D78890D30A2}.Debug|x86.ActiveCfg = Debug|Any CPU
		{795B6937-C464-4D7D-9F14-8D78890D30A2}.Debug|x86.Build.0 = Debug|Any CPU
		{795B6937-C464-4D7D-9F14-8D78890D30A2}.DebugLocal|Any CPU.ActiveCfg = Debug|Any CPU
		{795B6937-C464-4D7D-9F14-8D78890D30A2}.DebugLocal|Any CPU.Build.0 = Debug|Any CPU
		{795B6937-C464-4D7D-9F14-8D78890D30A2}.DebugLocal|Mixed Platforms.ActiveCfg = Debug|Any CPU
		{795B6937-C464-4D7D-9F14-8D78890D30A2}.DebugLocal|Mixed Platforms.Build.0 = Debug|Any CPU
		{795B6937-C464-4D7D-9F14-8D78890D30A2}.DebugLocal|x86.ActiveCfg = Debug|Any CPU
		{795B6937-C464-4D7D-9F14-8D78890D30A2}.DebugLocal|x86.Build.0 = Debug|Any CPU
		{795B6937-C464-4D7D-9F14-8D78890D30A2}.Release|Any CPU.ActiveCfg = Release|Any CPU
		{795B6937-C464-4D7D-9F14-8D78890D30A2}.Release|Any CPU.Build.0 = Release|Any CPU
		{795B6937-C464-4D7D-9F14-8D78890D30A2}.Release|Mixed Platforms.ActiveCfg = Release|Any CPU
		{795B6937-C464-4D7D-9F14-8D78890D30A2}.Release|Mixed Platforms.Build.0 = Release|Any CPU
		{795B6937-C464-4D7D-9F14-8D78890D30A2}.Release|x86.ActiveCfg = Release|Any CPU
		{795B6937-C464-4D7D-9F14-8D78890D30A2}.Release|x86.Build.0 = Release|Any CPU
	EndGlobalSection
	GlobalSection(SolutionProperties) = preSolution
		HideSolutionNode = FALSE
	EndGlobalSection
	GlobalSection(NestedProjects) = preSolution
		{3B6E564D-2199-41A6-A32B-6D98ED1B898D} = {4AF4DE6B-C05D-4213-8080-6C5BF57EBA74}
		{C62A7D00-AA5B-4AB8-9CC8-9A2167CE7B37} = {9305E8D9-3BE6-498B-8B22-E5CCDC97101A}
		{4B51E884-5A1A-4E4E-BC9E-60852F55C249} = {9305E8D9-3BE6-498B-8B22-E5CCDC97101A}
		{2F71FE2B-4D68-4F47-BD36-17E226C3A0F2} = {EF6B0F99-27A3-4216-AEFF-EBB220C90B89}
		{DACCDA3C-EB86-4258-BDB5-2947B309E640} = {EF6B0F99-27A3-4216-AEFF-EBB220C90B89}
		{413CFCA1-8908-46AD-B4FA-9BFD3690C6A8} = {EF6B0F99-27A3-4216-AEFF-EBB220C90B89}
		{AF69C602-A1F3-4A52-849B-08935C575940} = {3C3B37D7-9D1C-45C8-ACB8-1964DCCA666C}
		{7A5414D8-10A5-44F4-AB12-7AF52111CEED} = {EF6B0F99-27A3-4216-AEFF-EBB220C90B89}
		{86F50368-5267-4CD2-8D00-1ABA41831473} = {EF6B0F99-27A3-4216-AEFF-EBB220C90B89}
		{0E74123C-3FD3-4B19-97CD-9CB70AFEB4C8} = {5B8C310D-FB28-47BC-8402-394FB98D414F}
		{1EAC6A03-72C1-4DFE-847B-763AD5855E91} = {EF6B0F99-27A3-4216-AEFF-EBB220C90B89}
		{F093E9A5-1E67-406B-B533-6CFB86B61F14} = {5B8C310D-FB28-47BC-8402-394FB98D414F}
		{0C056ABD-9680-4DAF-9002-5BB33D6E5813} = {5B8C310D-FB28-47BC-8402-394FB98D414F}
		{CB732B0E-BF69-488B-86BF-B1D3A2EB0D38} = {9305E8D9-3BE6-498B-8B22-E5CCDC97101A}
		{010DBB19-5A8B-461C-8CE7-1BE05A9EBAFA} = {9305E8D9-3BE6-498B-8B22-E5CCDC97101A}
		{EDC31810-5812-478A-BEC7-0615DF5813A4} = {EF6B0F99-27A3-4216-AEFF-EBB220C90B89}
		{CF9749DD-78F8-4C30-AC26-2A371C2FDF83} = {9305E8D9-3BE6-498B-8B22-E5CCDC97101A}
		{C5CF8496-4591-418C-887E-D0215B21720F} = {9305E8D9-3BE6-498B-8B22-E5CCDC97101A}
		{E7BEF1E0-1191-4718-AFC8-1B3BD4376D13} = {5B8C310D-FB28-47BC-8402-394FB98D414F}
		{B067E96C-53EE-49F9-AD71-0FDACBF39D31} = {9305E8D9-3BE6-498B-8B22-E5CCDC97101A}
		{9A4718A4-227E-4D5F-BDEC-D9345545F201} = {9305E8D9-3BE6-498B-8B22-E5CCDC97101A}
		{756F71FE-8E1A-4127-85D9-7F46A0D1B119} = {9305E8D9-3BE6-498B-8B22-E5CCDC97101A}
		{265EA1F1-89AA-4D56-A03D-C040511B436A} = {EF6B0F99-27A3-4216-AEFF-EBB220C90B89}
		{0716CFB5-87F2-49DE-8C9D-8867B6824EBF} = {9305E8D9-3BE6-498B-8B22-E5CCDC97101A}
		{82183C1E-AE6D-4F75-AC16-CEF571C6B4C7} = {9305E8D9-3BE6-498B-8B22-E5CCDC97101A}
		{58F00FCC-D341-4BDB-89E7-AD89D02EA422} = {9305E8D9-3BE6-498B-8B22-E5CCDC97101A}
		{8A0BE982-1FC0-42E0-BDA4-EDF4B40FC862} = {EF6B0F99-27A3-4216-AEFF-EBB220C90B89}
		{3D997252-86E4-47A2-8CF9-9D5BFBEF683D} = {D7DC3603-6215-4E33-A6D6-78A4A94DBA35}
		{2783B911-6BA8-42DD-B3CE-F41F6DC2CC32} = {B63CE19D-423C-4B64-8CBC-7364D9085B80}
		{D7DC3603-6215-4E33-A6D6-78A4A94DBA35} = {B63CE19D-423C-4B64-8CBC-7364D9085B80}
		{679F50AC-C0B1-4835-8638-58F5AE11875B} = {3C3B37D7-9D1C-45C8-ACB8-1964DCCA666C}
		{91DFD3F5-A566-4351-AD48-3A4D2E604412} = {4AF4DE6B-C05D-4213-8080-6C5BF57EBA74}
		{965CF71F-2B54-4611-8B93-DEECC2732037} = {5B8C310D-FB28-47BC-8402-394FB98D414F}
		{A3EDA182-A34B-42A1-A74D-7637EF6409AD} = {D0FD6BF1-6086-4A1C-9362-B6E4A55A32B0}
		{679B9320-5C48-45BA-A0D9-0975D862397E} = {D0FD6BF1-6086-4A1C-9362-B6E4A55A32B0}
		{252D4CEA-6C41-4753-AC8A-05EDABF14D81} = {B63CE19D-423C-4B64-8CBC-7364D9085B80}
		{4B76A449-3CF9-4F7D-B208-D4352FB2F8A4} = {D0FD6BF1-6086-4A1C-9362-B6E4A55A32B0}
		{71B36594-7375-4596-A069-562B420FAD78} = {D0FD6BF1-6086-4A1C-9362-B6E4A55A32B0}
		{2116099E-9D27-4372-BFE8-6226A30BF77E} = {D0FD6BF1-6086-4A1C-9362-B6E4A55A32B0}
		{28BF5B50-C4A7-4B79-B4A5-51499DF62130} = {D0FD6BF1-6086-4A1C-9362-B6E4A55A32B0}
		{795B6937-C464-4D7D-9F14-8D78890D30A2} = {D0FD6BF1-6086-4A1C-9362-B6E4A55A32B0}
	EndGlobalSection
EndGlobal
